
Microsoft Visual Studio Solution File, Format Version 12.00
# Visual Studio 15
VisualStudioVersion = 15.0.27130.2036
MinimumVisualStudioVersion = 10.0.40219.1
Project("{FAE04EC0-301F-11D3-BF4B-00C04F79EFBC}") = "BingBackground", "BingBackground\BingBackground.csproj", "{7BCA9B6E-FA53-4EDE-BE59-8C1F2FEB5AF1}"
EndProject
Global
	GlobalSection(SolutionConfigurationPlatforms) = preSolution
		Debug|Any CPU = Debug|Any CPU
		Release|Any CPU = Release|Any CPU
	EndGlobalSection
	GlobalSection(ProjectConfigurationPlatforms) = postSolution
		{7BCA9B6E-FA53-4EDE-BE59-8C1F2FEB5AF1}.Debug|Any CPU.ActiveCfg = Debug|Any CPU
		{7BCA9B6E-FA53-4EDE-BE59-8C1F2FEB5AF1}.Debug|Any CPU.Build.0 = Debug|Any CPU
		{7BCA9B6E-FA53-4EDE-BE59-8C1F2FEB5AF1}.Release|Any CPU.ActiveCfg = Release|Any CPU
		{7BCA9B6E-FA53-4EDE-BE59-8C1F2FEB5AF1}.Release|Any CPU.Build.0 = Release|Any CPU
	EndGlobalSection
	GlobalSection(SolutionProperties) = preSolution
		HideSolutionNode = FALSE
	EndGlobalSection
	GlobalSection(ExtensibilityGlobals) = postSolution
		SolutionGuid = {B8F6DEB5-61AB-4310-B233-F37B48B1C720}
	EndGlobalSection
EndGlobal
